
Microsoft Visual Studio Solution File, Format Version 12.00
# Visual Studio Version 17
VisualStudioVersion = 17.4.33205.214
MinimumVisualStudioVersion = 10.0.40219.1
Project("{FAE04EC0-301F-11D3-BF4B-00C04F79EFBC}") = "TEST999", "TEST999\TEST999.csproj", "{3831A501-E9AA-4818-BF95-05CE37C99C5A}"
EndProject
Global
	GlobalSection(SolutionConfigurationPlatforms) = preSolution
		Debug|Any CPU = Debug|Any CPU
		Release|Any CPU = Release|Any CPU
	EndGlobalSection
	GlobalSection(ProjectConfigurationPlatforms) = postSolution
		{3831A501-E9AA-4818-BF95-05CE37C99C5A}.Debug|Any CPU.ActiveCfg = Debug|Any CPU
		{3831A501-E9AA-4818-BF95-05CE37C99C5A}.Debug|Any CPU.Build.0 = Debug|Any CPU
		{3831A501-E9AA-4818-BF95-05CE37C99C5A}.Release|Any CPU.ActiveCfg = Release|Any CPU
		{3831A501-E9AA-4818-BF95-05CE37C99C5A}.Release|Any CPU.Build.0 = Release|Any CPU
	EndGlobalSection
	GlobalSection(SolutionProperties) = preSolution
		HideSolutionNode = FALSE
	EndGlobalSection
	GlobalSection(ExtensibilityGlobals) = postSolution
		SolutionGuid = {22685501-F53A-418C-BFA2-B6468AFDCBA2}
	EndGlobalSection
EndGlobal
